PODS:
  - Capacitor (8.0.0):
    - CapacitorCordova
  - CapacitorApp (8.0.0):
    - Capacitor
  - CapacitorBackgroundRunner (2.2.0):
    - Capacitor
  - CapacitorCordova (8.0.0)
  - CapacitorHaptics (8.0.0):
    - Capacitor
  - CapacitorKeyboard (8.0.0):
    - Capacitor
  - CapacitorStatusBar (8.0.0):
    - Capacitor

DEPENDENCIES:
  - "Capacitor (from `../../../../node_modules/.pnpm/@capacitor+ios@8.0.0_@capacitor+core@8.0.0/node_modules/@capacitor/ios`)"
  - "CapacitorApp (from `../../../../node_modules/.pnpm/@capacitor+app@8.0.0_@capacitor+core@8.0.0/node_modules/@capacitor/app`)"
  - CapacitorBackgroundRunner (from `../../../../packages/capacitor-plugin`)
  - "CapacitorCordova (from `../../../../node_modules/.pnpm/@capacitor+ios@8.0.0_@capacitor+core@8.0.0/node_modules/@capacitor/ios`)"
  - "CapacitorHaptics (from `../../../../node_modules/.pnpm/@capacitor+haptics@8.0.0_@capacitor+core@8.0.0/node_modules/@capacitor/haptics`)"
  - "CapacitorKeyboard (from `../../../../node_modules/.pnpm/@capacitor+keyboard@8.0.0_@capacitor+core@8.0.0/node_modules/@capacitor/keyboard`)"
  - "CapacitorStatusBar (from `../../../../node_modules/.pnpm/@capacitor+status-bar@8.0.0_@capacitor+core@8.0.0/node_modules/@capacitor/status-bar`)"

EXTERNAL SOURCES:
  Capacitor:
    :path: "../../../../node_modules/.pnpm/@capacitor+ios@8.0.0_@capacitor+core@8.0.0/node_modules/@capacitor/ios"
  CapacitorApp:
    :path: "../../../../node_modules/.pnpm/@capacitor+app@8.0.0_@capacitor+core@8.0.0/node_modules/@capacitor/app"
  CapacitorBackgroundRunner:
    :path: "../../../../packages/capacitor-plugin"
  CapacitorCordova:
    :path: "../../../../node_modules/.pnpm/@capacitor+ios@8.0.0_@capacitor+core@8.0.0/node_modules/@capacitor/ios"
  CapacitorHaptics:
    :path: "../../../../node_modules/.pnpm/@capacitor+haptics@8.0.0_@capacitor+core@8.0.0/node_modules/@capacitor/haptics"
  CapacitorKeyboard:
    :path: "../../../../node_modules/.pnpm/@capacitor+keyboard@8.0.0_@capacitor+core@8.0.0/node_modules/@capacitor/keyboard"
  CapacitorStatusBar:
    :path: "../../../../node_modules/.pnpm/@capacitor+status-bar@8.0.0_@capacitor+core@8.0.0/node_modules/@capacitor/status-bar"

SPEC CHECKSUMS:
  Capacitor: 79e40e5e76f852965dce30406c65253fa154e24a
  CapacitorApp: cfa0120a1f3a6f69d4d37d3041782aa5c5167d0b
  CapacitorBackgroundRunner: ffa4aa4ed47e5221be4576ef21af326a87b7af1c
  CapacitorCordova: 5dc3912d25ef770a3fe0f431bb65c9fbfa2e92f9
  CapacitorHaptics: 7a77ce744c4b516b3ffd7f8c96d3de574d77b898
  CapacitorKeyboard: 0a2e7c0635ccf3db60abed14bd6f35147ce25942
  CapacitorStatusBar: c6fa2d404083e41d145ea56698707a6986d4428b

PODFILE CHECKSUM: 246ffb621db05dcf99fdd53d13bed5d5d8737703

COCOAPODS: 1.16.2
