{
  "originHash" : "799a505df10b216fc01825855aec8cd3c2d04e3d7b4928e7dab033054e423f52",
  "pins" : [
    {
      "identity" : "capacitor-swift-pm",
      "kind" : "remoteSourceControl",
      "location" : "https://github.com/ionic-team/capacitor-swift-pm.git",
      "state" : {
        "revision" : "074b215a149a4f66cc3df47bd3e0e342ccdd39f4",
        "version" : "8.0.0-beta.0"
      }
    }
  ],
  "version" : 3
}
