{
  "originHash" : "799a505df10b216fc01825855aec8cd3c2d04e3d7b4928e7dab033054e423f52",
  "pins" : [
    {
      "identity" : "capacitor-swift-pm",
      "kind" : "remoteSourceControl",
      "location" : "https://github.com/ionic-team/capacitor-swift-pm.git",
      "state" : {
        "revision" : "d72bb9e9e4b80e5c7f41ee3bf0d95008ab7dcfd8",
        "version" : "9.0.0-alpha.6"
      }
    }
  ],
  "version" : 3
}
