{
  "pins" : [
    {
      "identity" : "capacitor-swift-pm",
      "kind" : "remoteSourceControl",
      "location" : "https://github.com/ionic-team/capacitor-swift-pm.git",
      "state" : {
        "revision" : "074b215a149a4f66cc3df47bd3e0e342ccdd39f4",
        "version" : "8.0.0-beta.0"
      }
    }
  ],
  "version" : 2
}
